// !$*UTF8*$!
{
	archiveVersion = 1;
	classes = {
	};
	objectVersion = 50;
	objects = {

/* Begin PBXBuildFile section */
		18DADA2D240BCE8E00F41913 /* AppDelegate.swift in Sources */ = {isa = PBXBuildFile; fileRef = 18DADA2C240BCE8E00F41913 /* AppDelegate.swift */; };
		18DADA2F240BCE8E00F41913 /* SceneDelegate.swift in Sources */ = {isa = PBXBuildFile; fileRef = 18DADA2E240BCE8E00F41913 /* SceneDelegate.swift */; };
		18DADA31240BCE8E00F41913 /* ViewController.swift in Sources */ = {isa = PBXBuildFile; fileRef = 18DADA30240BCE8E00F41913 /* ViewController.swift */; };
		18DADA34240BCE8E00F41913 /* Main.storyboard in Resources */ = {isa = PBXBuildFile; fileRef = 18DADA32240BCE8E00F41913 /* Main.storyboard */; };
		18DADA36240BCE9000F41913 /* Assets.xcassets in Resources */ = {isa = PBXBuildFile; fileRef = 18DADA35240BCE9000F41913 /* Assets.xcassets */; };
		18DADA39240BCE9000F41913 /* LaunchScreen.storyboard in Resources */ = {isa = PBXBuildFile; fileRef = 18DADA37240BCE9000F41913 /* LaunchScreen.storyboard */; };
/* End PBXBuildFile section */

/* Begin PBXFileReference section */
		18DADA29240BCE8E00F41913 /* home15.app */ = {isa = PBXFileReference; explicitFileType = wrapper.application; includeInIndex = 0; path = home15.app; sourceTree = BUILT_PRODUCTS_DIR; };
		18DADA2C240BCE8E00F41913 /* AppDelegate.swift */ = {isa = PBXFileReference; lastKnownFileType = sourcecode.swift; path = AppDelegate.swift; sourceTree = "<group>"; };
		18DADA2E240BCE8E00F41913 /* SceneDelegate.swift */ = {isa = PBXFileReference; lastKnownFileType = sourcecode.swift; path = SceneDelegate.swift; sourceTree = "<group>"; };
		18DADA30240BCE8E00F41913 /* ViewController.swift */ = {isa = PBXFileReference; lastKnownFileType = sourcecode.swift; path = ViewController.swift; sourceTree = "<group>"; };
		18DADA33240BCE8E00F41913 /* Base */ = {isa = PBXFileReference; lastKnownFileType = file.storyboard; name = Base; path = Base.lproj/Main.storyboard; sourceTree = "<group>"; };
		18DADA35240BCE9000F41913 /* Assets.xcassets */ = {isa = PBXFileReference; lastKnownFileType = folder.assetcatalog; path = Assets.xcassets; sourceTree = "<group>"; };
		18DADA38240BCE9000F41913 /* Base */ = {isa = PBXFileReference; lastKnownFileType = file.storyboard; name = Base; path = Base.lproj/LaunchScreen.storyboard; sourceTree = "<group>"; };
		18DADA3A240BCE9000F41913 /* Info.plist */ = {isa = PBXFileReference; lastKnownFileType = text.plist.xml; path = Info.plist; sourceTree = "<group>"; };
/* End PBXFileReference section */

/* Begin PBXFrameworksBuildPhase section */
		18DADA26240BCE8E00F41913 /* Frameworks */ = {
			isa = PBXFrameworksBuildPhase;
			buildActionMask = 2147483647;
			files = (
			);
			runOnlyForDeploymentPostprocessing = 0;
		};
/* End PBXFrameworksBuildPhase section */

/* Begin PBXGroup section */
		18DADA20240BCE8E00F41913 = {
			isa = PBXGroup;
			children = (
				18DADA2B240BCE8E00F41913 /* home15 */,
				18DADA2A240BCE8E00F41913 /* Products */,
			);
			sourceTree = "<group>";
		};
		18DADA2A240BCE8E00F41913 /* Products */ = {
			isa = PBXGroup;
			children = (
				18DADA29240BCE8E00F41913 /* home15.app */,
			);
			name = Products;
			sourceTree = "<group>";
		};
		18DADA2B240BCE8E00F41913 /* home15 */ = {
			isa = PBXGroup;
			children = (
				18DADA2C240BCE8E00F41913 /* AppDelegate.swift */,
				18DADA2E240BCE8E00F41913 /* SceneDelegate.swift */,
				18DADA30240BCE8E00F41913 /* ViewController.swift */,
				18DADA32240BCE8E00F41913 /* Main.storyboard */,
				18DADA35240BCE9000F41913 /* Assets.xcassets */,
				18DADA37240BCE9000F41913 /* LaunchScreen.storyboard */,
				18DADA3A240BCE9000F41913 /* Info.plist */,
			);
			path = home15;
			sourceTree = "<group>";
		};
/* End PBXGroup section */

/* Begin PBXNativeTarget section */
		18DADA28240BCE8E00F41913 /* home15 */ = {
			isa = PBXNativeTarget;
			buildConfigurationList = 18DADA3D240BCE9000F41913 /* Build configuration list for PBXNativeTarget "home15" */;
			buildPhases = (
				18DADA25240BCE8E00F41913 /* Sources */,
				18DADA26240BCE8E00F41913 /* Frameworks */,
				18DADA27240BCE8E00F41913 /* Resources */,
			);
			buildRules = (
			);
			dependencies = (
			);
			name = home15;
			productName = home15;
			productReference = 18DADA29240BCE8E00F41913 /* home15.app */;
			productType = "com.apple.product-type.application";
		};
/* End PBXNativeTarget section */

/* Begin PBXProject section */
		18DADA21240BCE8E00F41913 /* Project object */ = {
			isa = PBXProject;
			attributes = {
				LastSwiftUpdateCheck = 1130;
				LastUpgradeCheck = 1130;
				ORGANIZATIONNAME = David;
				TargetAttributes = {
					18DADA28240BCE8E00F41913 = {
						CreatedOnToolsVersion = 11.3.1;
					};
				};
			};
			buildConfigurationList = 18DADA24240BCE8E00F41913 /* Build configuration list for PBXProject "home15" */;
			compatibilityVersion = "Xcode 9.3";
			developmentRegion = en;
			hasScannedForEncodings = 0;
			knownRegions = (
				en,
				Base,
			);
			mainGroup = 18DADA20240BCE8E00F41913;
			productRefGroup = 18DADA2A240BCE8E00F41913 /* Products */;
			projectDirPath = "";
			projectRoot = "";
			targets = (
				18DADA28240BCE8E00F41913 /* home15 */,
			);
		};
/* End PBXProject section */

/* Begin PBXResourcesBuildPhase section */
		18DADA27240BCE8E00F41913 /* Resources */ = {
			isa = PBXResourcesBuildPhase;
			buildActionMask = 2147483647;
			files = (
				18DADA39240BCE9000F41913 /* LaunchScreen.storyboard in Resources */,
				18DADA36240BCE9000F41913 /* Assets.xcassets in Resources */,
				18DADA34240BCE8E00F41913 /* Main.storyboard in Resources */,
			);
			runOnlyForDeploymentPostprocessing = 0;
		};
/* End PBXResourcesBuildPhase section */

/* Begin PBXSourcesBuildPhase section */
		18DADA25240BCE8E00F41913 /* Sources */ = {
			isa = PBXSourcesBuildPhase;
			buildActionMask = 2147483647;
			files = (
				18DADA31240BCE8E00F41913 /* ViewController.swift in Sources */,
				18DADA2D240BCE8E00F41913 /* AppDelegate.swift in Sources */,
				18DADA2F240BCE8E00F41913 /* SceneDelegate.swift in Sources */,
			);
			runOnlyForDeploymentPostprocessing = 0;
		};
/* End PBXSourcesBuildPhase section */

/* Begin PBXVariantGroup section */
		18DADA32240BCE8E00F41913 /* Main.storyboard */ = {
			isa = PBXVariantGroup;
			children = (
				18DADA33240BCE8E00F41913 /* Base */,
			);
			name = Main.storyboard;
			sourceTree = "<group>";
		};
		18DADA37240BCE9000F41913 /* LaunchScreen.storyboard */ = {
			isa = PBXVariantGroup;
			children = (
				18DADA38240BCE9000F41913 /* Base */,
			);
			name = LaunchScreen.storyboard;
			sourceTree = "<group>";
		};
/* End PBXVariantGroup section */

/* Begin XCBuildConfiguration section */
		18DADA3B240BCE9000F41913 /* Debug */ = {
			isa = XCBuildConfiguration;
			buildSettings = {
				ALWAYS_SEARCH_USER_PATHS = NO;
				CLANG_ANALYZER_NONNULL = YES;
				CLANG_ANALYZER_NUMBER_OBJECT_CONVERSION = YES_AGGRESSIVE;
				CLANG_CXX_LANGUAGE_STANDARD = "gnu++14";
				CLANG_CXX_LIBRARY = "libc++";
				CLANG_ENABLE_MODULES = YES;
				CLANG_ENABLE_OBJC_ARC = YES;
				CLANG_ENABLE_OBJC_WEAK = YES;
				CLANG_WARN_BLOCK_CAPTURE_AUTORELEASING = YES;
				CLANG_WARN_BOOL_CONVERSION = YES;
				CLANG_WARN_COMMA = YES;
				CLANG_WARN_CONSTANT_CONVERSION = YES;
				CLANG_WARN_DEPRECATED_OBJC_IMPLEMENTATIONS = YES;
				CLANG_WARN_DIRECT_OBJC_ISA_USAGE = YES_ERROR;
				CLANG_WARN_DOCUMENTATION_COMMENTS = YES;
				CLANG_WARN_EMPTY_BODY = YES;
				CLANG_WARN_ENUM_CONVERSION = YES;
				CLANG_WARN_INFINITE_RECURSION = YES;
				CLANG_WARN_INT_CONVERSION = YES;
				CLANG_WARN_NON_LITERAL_NULL_CONVERSION = YES;
				CLANG_WARN_OBJC_IMPLICIT_RETAIN_SELF = YES;
				CLANG_WARN_OBJC_LITERAL_CONVERSION = YES;
				CLANG_WARN_OBJC_ROOT_CLASS = YES_ERROR;
				CLANG_WARN_RANGE_LOOP_ANALYSIS = YES;
				CLANG_WARN_STRICT_PROTOTYPES = YES;
				CLANG_WARN_SUSPICIOUS_MOVE = YES;
				CLANG_WARN_UNGUARDED_AVAILABILITY = YES_AGGRESSIVE;
				CLANG_WARN_UNREACHABLE_CODE = YES;
				CLANG_WARN__DUPLICATE_METHOD_MATCH = YES;
				COPY_PHASE_STRIP = NO;
				DEBUG_INFORMATION_FORMAT = dwarf;
				ENABLE_STRICT_OBJC_MSGSEND = YES;
				ENABLE_TESTABILITY = YES;
				GCC_C_LANGUAGE_STANDARD = gnu11;
				GCC_DYNAMIC_NO_PIC = NO;
				GCC_NO_COMMON_BLOCKS = YES;
				GCC_OPTIMIZATION_LEVEL = 0;
				GCC_PREPROCESSOR_DEFINITIONS = (
					"DEBUG=1",
					"$(inherited)",
				);
				GCC_WARN_64_TO_32_BIT_CONVERSION = YES;
				GCC_WARN_ABOUT_RETURN_TYPE = YES_ERROR;
				GCC_WARN_UNDECLARED_SELECTOR = YES;
				GCC_WARN_UNINITIALIZED_AUTOS = YES_AGGRESSIVE;
				GCC_WARN_UNUSED_FUNCTION = YES;
				GCC_WARN_UNUSED_VARIABLE = YES;
				IPHONEOS_DEPLOYMENT_TARGET = 13.2;
				MTL_ENABLE_DEBUG_INFO = INCLUDE_SOURCE;
				MTL_FAST_MATH = YES;
				ONLY_ACTIVE_ARCH = YES;
				SDKROOT = iphoneos;
				SWIFT_ACTIVE_COMPILATION_CONDITIONS = DEBUG;
				SWIFT_OPTIMIZATION_LEVEL = "-Onone";
			};
			name = Debug;
		};
		18DADA3C240BCE9000F41913 /* Release */ = {
			isa = XCBuildConfiguration;
			buildSettings = {
				ALWAYS_SEARCH_USER_PATHS = NO;
				CLANG_ANALYZER_NONNULL = YES;
				CLANG_ANALYZER_NUMBER_OBJECT_CONVERSION = YES_AGGRESSIVE;
				CLANG_CXX_LANGUAGE_STANDARD = "gnu++14";
				CLANG_CXX_LIBRARY = "libc++";
				CLANG_ENABLE_MODULES = YES;
				CLANG_ENABLE_OBJC_ARC = YES;
				CLANG_ENABLE_OBJC_WEAK = YES;
				CLANG_WARN_BLOCK_CAPTURE_AUTORELEASING = YES;
				CLANG_WARN_BOOL_CONVERSION = YES;
				CLANG_WARN_COMMA = YES;
				CLANG_WARN_CONSTANT_CONVERSION = YES;
				CLANG_WARN_DEPRECATED_OBJC_IMPLEMENTATIONS = YES;
				CLANG_WARN_DIRECT_OBJC_ISA_USAGE = YES_ERROR;
				CLANG_WARN_DOCUMENTATION_COMMENTS = YES;
				CLANG_WARN_EMPTY_BODY = YES;
				CLANG_WARN_ENUM_CONVERSION = YES;
				CLANG_WARN_INFINITE_RECURSION = YES;
				CLANG_WARN_INT_CONVERSION = YES;
				CLANG_WARN_NON_LITERAL_NULL_CONVERSION = YES;
				CLANG_WARN_OBJC_IMPLICIT_RETAIN_SELF = YES;
				CLANG_WARN_OBJC_LITERAL_CONVERSION = YES;
				CLANG_WARN_OBJC_ROOT_CLASS = YES_ERROR;
				CLANG_WARN_RANGE_LOOP_ANALYSIS = YES;
				CLANG_WARN_STRICT_PROTOTYPES = YES;
				CLANG_WARN_SUSPICIOUS_MOVE = YES;
				CLANG_WARN_UNGUARDED_AVAILABILITY = YES_AGGRESSIVE;
				CLANG_WARN_UNREACHABLE_CODE = YES;
				CLANG_WARN__DUPLICATE_METHOD_MATCH = YES;
				COPY_PHASE_STRIP = NO;
				DEBUG_INFORMATION_FORMAT = "dwarf-with-dsym";
				ENABLE_NS_ASSERTIONS = NO;
				ENABLE_STRICT_OBJC_MSGSEND = YES;
				GCC_C_LANGUAGE_STANDARD = gnu11;
				GCC_NO_COMMON_BLOCKS = YES;
				GCC_WARN_64_TO_32_BIT_CONVERSION = YES;
				GCC_WARN_ABOUT_RETURN_TYPE = YES_ERROR;
				GCC_WARN_UNDECLARED_SELECTOR = YES;
				GCC_WARN_UNINITIALIZED_AUTOS = YES_AGGRESSIVE;
				GCC_WARN_UNUSED_FUNCTION = YES;
				GCC_WARN_UNUSED_VARIABLE = YES;
				IPHONEOS_DEPLOYMENT_TARGET = 13.2;
				MTL_ENABLE_DEBUG_INFO = NO;
				MTL_FAST_MATH = YES;
				SDKROOT = iphoneos;
				SWIFT_COMPILATION_MODE = wholemodule;
				SWIFT_OPTIMIZATION_LEVEL = "-O";
				VALIDATE_PRODUCT = YES;
			};
			name = Release;
		};
		18DADA3E240BCE9000F41913 /* Debug */ = {
			isa = XCBuildConfiguration;
			buildSettings = {
				ASSETCATALOG_COMPILER_APPICON_NAME = AppIcon;
				CODE_SIGN_STYLE = Automatic;
				DEVELOPMENT_TEAM = 4TVGCW6P42;
				INFOPLIST_FILE = home15/Info.plist;
				LD_RUNPATH_SEARCH_PATHS = (
					"$(inherited)",
					"@executable_path/Frameworks",
				);
				PRODUCT_BUNDLE_IDENTIFIER = David.home15;
				PRODUCT_NAME = "$(TARGET_NAME)";
				SWIFT_VERSION = 5.0;
				TARGETED_DEVICE_FAMILY = "1,2";
			};
			name = Debug;
		};
		18DADA3F240BCE9000F41913 /* Release */ = {
			isa = XCBuildConfiguration;
			buildSettings = {
				ASSETCATALOG_COMPILER_APPICON_NAME = AppIcon;
				CODE_SIGN_STYLE = Automatic;
				DEVELOPMENT_TEAM = 4TVGCW6P42;
				INFOPLIST_FILE = home15/Info.plist;
				LD_RUNPATH_SEARCH_PATHS = (
					"$(inherited)",
					"@executable_path/Frameworks",
				);
				PRODUCT_BUNDLE_IDENTIFIER = David.home15;
				PRODUCT_NAME = "$(TARGET_NAME)";
				SWIFT_VERSION = 5.0;
				TARGETED_DEVICE_FAMILY = "1,2";
			};
			name = Release;
		};
/* End XCBuildConfiguration section */

/* Begin XCConfigurationList section */
		18DADA24240BCE8E00F41913 /* Build configuration list for PBXProject "home15" */ = {
			isa = XCConfigurationList;
			buildConfigurations = (
				18DADA3B240BCE9000F41913 /* Debug */,
				18DADA3C240BCE9000F41913 /* Release */,
			);
			defaultConfigurationIsVisible = 0;
			defaultConfigurationName = Release;
		};
		18DADA3D240BCE9000F41913 /* Build configuration list for PBXNativeTarget "home15" */ = {
			isa = XCConfigurationList;
			buildConfigurations = (
				18DADA3E240BCE9000F41913 /* Debug */,
				18DADA3F240BCE9000F41913 /* Release */,
			);
			defaultConfigurationIsVisible = 0;
			defaultConfigurationName = Release;
		};
/* End XCConfigurationList section */
	};
	rootObject = 18DADA21240BCE8E00F41913 /* Project object */;
}
